
Microsoft Visual Studio Solution File, Format Version 12.00
# Visual Studio Version 17
VisualStudioVersion = 17.1.32319.34
MinimumVisualStudioVersion = 10.0.40219.1
Project("{9A19103F-16F7-4668-BE54-9A1E7A4F7556}") = "Api", "Api\Api.csproj", "{15D9D0C4-7150-4935-A712-70A9CB01E0C0}"
EndProject
Project("{2150E333-8FDC-42A3-9474-1A3956D46DE8}") = "1、Base", "1、Base", "{D8E0EE08-84AC-4C93-A635-3FA6CD89C7B6}"
EndProject
Project("{2150E333-8FDC-42A3-9474-1A3956D46DE8}") = "2、Biz", "2、Biz", "{72B36130-9A1A-4FFF-8A54-40FE68620E13}"
EndProject
Project("{2150E333-8FDC-42A3-9474-1A3956D46DE8}") = "3、Api", "3、Api", "{669D821E-52A3-4E6E-B18B-F83B01AEFC5B}"
EndProject
Project("{2150E333-8FDC-42A3-9474-1A3956D46DE8}") = "4、App", "4、App", "{2961BA06-6B7D-497E-BABF-E886EAFEE224}"
EndProject
Project("{FAE04EC0-301F-11D3-BF4B-00C04F79EFBC}") = "Domain", "Domain\Domain.csproj", "{81BB77B2-89C6-404E-92F5-67C2AAEAF3DE}"
EndProject
Project("{FAE04EC0-301F-11D3-BF4B-00C04F79EFBC}") = "SDK", "SDK\SDK.csproj", "{09C6168F-4531-4D89-8A5E-25E1ADC480A6}"
EndProject
Project("{FAE04EC0-301F-11D3-BF4B-00C04F79EFBC}") = "Service", "Service\Service.csproj", "{007CB59A-C2A3-4844-9EB8-B0BD77184496}"
EndProject
Project("{9A19103F-16F7-4668-BE54-9A1E7A4F7556}") = "Util", "Util\Util.csproj", "{2D6B0151-FCB4-4AE7-82D9-2897493FF225}"
EndProject
Project("{9A19103F-16F7-4668-BE54-9A1E7A4F7556}") = "SDK.Log", "SDK.Log\SDK.Log.csproj", "{E984CB0D-9842-432F-8E64-DA0AB203F289}"
EndProject
Project("{9A19103F-16F7-4668-BE54-9A1E7A4F7556}") = "Cookie", "Cookie\Cookie.csproj", "{EAC427FB-0A4C-4B69-8CEF-B29DF747A98F}"
EndProject
Project("{9A19103F-16F7-4668-BE54-9A1E7A4F7556}") = "SDK.Cache", "SDK.Cache\SDK.Cache.csproj", "{D533D555-9D94-4EFB-A94A-F97C1FD9E84C}"
EndProject
Project("{FAE04EC0-301F-11D3-BF4B-00C04F79EFBC}") = "Back", "Back\Back.csproj", "{28D7933A-FE17-480A-AEF2-5B5B643423C3}"
EndProject
Global
	GlobalSection(SolutionConfigurationPlatforms) = preSolution
		Debug|Any CPU = Debug|Any CPU
		Release|Any CPU = Release|Any CPU
	EndGlobalSection
	GlobalSection(ProjectConfigurationPlatforms) = postSolution
		{15D9D0C4-7150-4935-A712-70A9CB01E0C0}.Debug|Any CPU.ActiveCfg = Debug|Any CPU
		{15D9D0C4-7150-4935-A712-70A9CB01E0C0}.Debug|Any CPU.Build.0 = Debug|Any CPU
		{15D9D0C4-7150-4935-A712-70A9CB01E0C0}.Release|Any CPU.ActiveCfg = Release|Any CPU
		{15D9D0C4-7150-4935-A712-70A9CB01E0C0}.Release|Any CPU.Build.0 = Release|Any CPU
		{81BB77B2-89C6-404E-92F5-67C2AAEAF3DE}.Debug|Any CPU.ActiveCfg = Debug|Any CPU
		{81BB77B2-89C6-404E-92F5-67C2AAEAF3DE}.Debug|Any CPU.Build.0 = Debug|Any CPU
		{81BB77B2-89C6-404E-92F5-67C2AAEAF3DE}.Release|Any CPU.ActiveCfg = Release|Any CPU
		{81BB77B2-89C6-404E-92F5-67C2AAEAF3DE}.Release|Any CPU.Build.0 = Release|Any CPU
		{09C6168F-4531-4D89-8A5E-25E1ADC480A6}.Debug|Any CPU.ActiveCfg = Debug|Any CPU
		{09C6168F-4531-4D89-8A5E-25E1ADC480A6}.Debug|Any CPU.Build.0 = Debug|Any CPU
		{09C6168F-4531-4D89-8A5E-25E1ADC480A6}.Release|Any CPU.ActiveCfg = Release|Any CPU
		{09C6168F-4531-4D89-8A5E-25E1ADC480A6}.Release|Any CPU.Build.0 = Release|Any CPU
		{007CB59A-C2A3-4844-9EB8-B0BD77184496}.Debug|Any CPU.ActiveCfg = Debug|Any CPU
		{007CB59A-C2A3-4844-9EB8-B0BD77184496}.Debug|Any CPU.Build.0 = Debug|Any CPU
		{007CB59A-C2A3-4844-9EB8-B0BD77184496}.Release|Any CPU.ActiveCfg = Release|Any CPU
		{007CB59A-C2A3-4844-9EB8-B0BD77184496}.Release|Any CPU.Build.0 = Release|Any CPU
		{2D6B0151-FCB4-4AE7-82D9-2897493FF225}.Debug|Any CPU.ActiveCfg = Debug|Any CPU
		{2D6B0151-FCB4-4AE7-82D9-2897493FF225}.Debug|Any CPU.Build.0 = Debug|Any CPU
		{2D6B0151-FCB4-4AE7-82D9-2897493FF225}.Release|Any CPU.ActiveCfg = Release|Any CPU
		{2D6B0151-FCB4-4AE7-82D9-2897493FF225}.Release|Any CPU.Build.0 = Release|Any CPU
		{E984CB0D-9842-432F-8E64-DA0AB203F289}.Debug|Any CPU.ActiveCfg = Debug|Any CPU
		{E984CB0D-9842-432F-8E64-DA0AB203F289}.Debug|Any CPU.Build.0 = Debug|Any CPU
		{E984CB0D-9842-432F-8E64-DA0AB203F289}.Release|Any CPU.ActiveCfg = Release|Any CPU
		{E984CB0D-9842-432F-8E64-DA0AB203F289}.Release|Any CPU.Build.0 = Release|Any CPU
		{EAC427FB-0A4C-4B69-8CEF-B29DF747A98F}.Debug|Any CPU.ActiveCfg = Debug|Any CPU
		{EAC427FB-0A4C-4B69-8CEF-B29DF747A98F}.Debug|Any CPU.Build.0 = Debug|Any CPU
		{EAC427FB-0A4C-4B69-8CEF-B29DF747A98F}.Release|Any CPU.ActiveCfg = Release|Any CPU
		{EAC427FB-0A4C-4B69-8CEF-B29DF747A98F}.Release|Any CPU.Build.0 = Release|Any CPU
		{D533D555-9D94-4EFB-A94A-F97C1FD9E84C}.Debug|Any CPU.ActiveCfg = Debug|Any CPU
		{D533D555-9D94-4EFB-A94A-F97C1FD9E84C}.Debug|Any CPU.Build.0 = Debug|Any CPU
		{D533D555-9D94-4EFB-A94A-F97C1FD9E84C}.Release|Any CPU.ActiveCfg = Release|Any CPU
		{D533D555-9D94-4EFB-A94A-F97C1FD9E84C}.Release|Any CPU.Build.0 = Release|Any CPU
		{28D7933A-FE17-480A-AEF2-5B5B643423C3}.Debug|Any CPU.ActiveCfg = Debug|Any CPU
		{28D7933A-FE17-480A-AEF2-5B5B643423C3}.Debug|Any CPU.Build.0 = Debug|Any CPU
		{28D7933A-FE17-480A-AEF2-5B5B643423C3}.Release|Any CPU.ActiveCfg = Release|Any CPU
		{28D7933A-FE17-480A-AEF2-5B5B643423C3}.Release|Any CPU.Build.0 = Release|Any CPU
	EndGlobalSection
	GlobalSection(SolutionProperties) = preSolution
		HideSolutionNode = FALSE
	EndGlobalSection
	GlobalSection(NestedProjects) = preSolution
		{15D9D0C4-7150-4935-A712-70A9CB01E0C0} = {669D821E-52A3-4E6E-B18B-F83B01AEFC5B}
		{81BB77B2-89C6-404E-92F5-67C2AAEAF3DE} = {72B36130-9A1A-4FFF-8A54-40FE68620E13}
		{09C6168F-4531-4D89-8A5E-25E1ADC480A6} = {72B36130-9A1A-4FFF-8A54-40FE68620E13}
		{007CB59A-C2A3-4844-9EB8-B0BD77184496} = {72B36130-9A1A-4FFF-8A54-40FE68620E13}
		{2D6B0151-FCB4-4AE7-82D9-2897493FF225} = {D8E0EE08-84AC-4C93-A635-3FA6CD89C7B6}
		{E984CB0D-9842-432F-8E64-DA0AB203F289} = {D8E0EE08-84AC-4C93-A635-3FA6CD89C7B6}
		{EAC427FB-0A4C-4B69-8CEF-B29DF747A98F} = {D8E0EE08-84AC-4C93-A635-3FA6CD89C7B6}
		{D533D555-9D94-4EFB-A94A-F97C1FD9E84C} = {D8E0EE08-84AC-4C93-A635-3FA6CD89C7B6}
		{28D7933A-FE17-480A-AEF2-5B5B643423C3} = {2961BA06-6B7D-497E-BABF-E886EAFEE224}
	EndGlobalSection
	GlobalSection(ExtensibilityGlobals) = postSolution
		SolutionGuid = {E4AE31C7-9980-4689-ABDF-265AF0C54599}
	EndGlobalSection
EndGlobal
